
Microsoft Visual Studio Solution File, Format Version 12.00
# Visual Studio Version 16
VisualStudioVersion = 16.0.30320.27
MinimumVisualStudioVersion = 10.0.40219.1
Project("{9A19103F-16F7-4668-BE54-9A1E7A4F7556}") = "Donut_Deliverable1", "Donut_Deliverable1\Donut_Deliverable1.csproj", "{7906B562-8D04-41F3-A3BB-D7604EC0AC82}"
EndProject
Global
	GlobalSection(SolutionConfigurationPlatforms) = preSolution
		Debug|Any CPU = Debug|Any CPU
		Release|Any CPU = Release|Any CPU
	EndGlobalSection
	GlobalSection(ProjectConfigurationPlatforms) = postSolution
		{7906B562-8D04-41F3-A3BB-D7604EC0AC82}.Debug|Any CPU.ActiveCfg = Debug|Any CPU
		{7906B562-8D04-41F3-A3BB-D7604EC0AC82}.Debug|Any CPU.Build.0 = Debug|Any CPU
		{7906B562-8D04-41F3-A3BB-D7604EC0AC82}.Release|Any CPU.ActiveCfg = Release|Any CPU
		{7906B562-8D04-41F3-A3BB-D7604EC0AC82}.Release|Any CPU.Build.0 = Release|Any CPU
	EndGlobalSection
	GlobalSection(SolutionProperties) = preSolution
		HideSolutionNode = FALSE
	EndGlobalSection
	GlobalSection(ExtensibilityGlobals) = postSolution
		SolutionGuid = {5011174E-5DF2-4699-B289-3F76BDF86125}
	EndGlobalSection
EndGlobal
